
Microsoft Visual Studio Solution File, Format Version 12.00
Project("{FAE04EC0-301F-11D3-BF4B-00C04F79EFBC}") = "BaiChuanModdingCore", "src\BaiChuanModdingCore\BaiChuanModdingCore.csproj", "{665ECCEA-896D-4D00-B49A-E023296FA800}"
EndProject
Global
	GlobalSection(SolutionConfigurationPlatforms) = preSolution
		Debug|Any CPU = Debug|Any CPU
		Release|Any CPU = Release|Any CPU
	EndGlobalSection
	GlobalSection(ProjectConfigurationPlatforms) = postSolution
		{665ECCEA-896D-4D00-B49A-E023296FA800}.Debug|Any CPU.ActiveCfg = Debug|Any CPU
		{665ECCEA-896D-4D00-B49A-E023296FA800}.Debug|Any CPU.Build.0 = Debug|Any CPU
		{665ECCEA-896D-4D00-B49A-E023296FA800}.Release|Any CPU.ActiveCfg = Release|Any CPU
		{665ECCEA-896D-4D00-B49A-E023296FA800}.Release|Any CPU.Build.0 = Release|Any CPU
	EndGlobalSection
EndGlobal
